uuid: 85a9bbb0-92ad-4188-a95e-d1418b50ec67
langcode: en
status: false
dependencies:
  module:
    - system
active_version: 06b3cc5fcc1086d4
versioned_properties:
  active:
    settings:
      default_settings:
        id: system_clear_cache_block
        label: 'Clear cache'
        label_display: '0'
        provider: system
    fallback_metadata:
      slot_definitions: null
label: 'Clear cache'
id: block.system_clear_cache_block
provider: system
source: block
source_local_id: system_clear_cache_block
category: System
