uuid: 734b4b7b-2948-4495-961d-590d15e648a2
langcode: en
status: false
dependencies: {  }
active_version: 62af221149ae4887
versioned_properties:
  active:
    settings:
      default_settings:
        id: page_title_block
        label: 'Page title'
        label_display: '0'
        provider: core
    fallback_metadata:
      slot_definitions: null
label: 'Page title'
id: block.page_title_block
provider: core
source: block
source_local_id: page_title_block
category: core
