uuid: c754305c-ad56-4228-bc60-f60e47ba70b8
langcode: en
status: false
dependencies:
  module:
    - help
active_version: f0baefd21cddb437
versioned_properties:
  active:
    settings:
      default_settings:
        id: help_block
        label: Help
        label_display: '0'
        provider: help
    fallback_metadata:
      slot_definitions: null
label: Help
id: block.help_block
provider: help
source: block
source_local_id: help_block
